
Microsoft Visual Studio Solution File, Format Version 12.00
# Visual Studio Version 16
VisualStudioVersion = 16.0.31727.386
MinimumVisualStudioVersion = 10.0.40219.1
Project("{9A19103F-16F7-4668-BE54-9A1E7A4F7556}") = "Start_at_01.07.22", "Start_at_01.07.22\Start_at_01.07.22.csproj", "{EA70C211-D6FB-4639-9057-DC6E8AF408CE}"
EndProject
Project("{9A19103F-16F7-4668-BE54-9A1E7A4F7556}") = "08.07.22", "08.07.22\08.07.22.csproj", "{11AE3C78-637F-41B3-956B-C010A1022EEC}"
EndProject
Project("{9A19103F-16F7-4668-BE54-9A1E7A4F7556}") = "Calc_Sw", "Calc_Sw\Calc_Sw.csproj", "{5927E1CB-C7A6-4B2C-9A91-7E93CEE1D1E3}"
EndProject
Project("{9A19103F-16F7-4668-BE54-9A1E7A4F7556}") = "Even_Count", "Even_Count\Even_Count.csproj", "{9EEDA325-CC8C-46D2-AA4D-9851E1B6F4B9}"
EndProject
Project("{FAE04EC0-301F-11D3-BF4B-00C04F79EFBC}") = "Hom_Work_Triangle", "Hom_Work_Triangle\Hom_Work_Triangle.csproj", "{A32C7529-5836-4A44-BBF2-CC8860C2AEB9}"
EndProject
Global
	GlobalSection(SolutionConfigurationPlatforms) = preSolution
		Debug|Any CPU = Debug|Any CPU
		Release|Any CPU = Release|Any CPU
	EndGlobalSection
	GlobalSection(ProjectConfigurationPlatforms) = postSolution
		{EA70C211-D6FB-4639-9057-DC6E8AF408CE}.Debug|Any CPU.ActiveCfg = Debug|Any CPU
		{EA70C211-D6FB-4639-9057-DC6E8AF408CE}.Debug|Any CPU.Build.0 = Debug|Any CPU
		{EA70C211-D6FB-4639-9057-DC6E8AF408CE}.Release|Any CPU.ActiveCfg = Release|Any CPU
		{EA70C211-D6FB-4639-9057-DC6E8AF408CE}.Release|Any CPU.Build.0 = Release|Any CPU
		{11AE3C78-637F-41B3-956B-C010A1022EEC}.Debug|Any CPU.ActiveCfg = Debug|Any CPU
		{11AE3C78-637F-41B3-956B-C010A1022EEC}.Debug|Any CPU.Build.0 = Debug|Any CPU
		{11AE3C78-637F-41B3-956B-C010A1022EEC}.Release|Any CPU.ActiveCfg = Release|Any CPU
		{11AE3C78-637F-41B3-956B-C010A1022EEC}.Release|Any CPU.Build.0 = Release|Any CPU
		{5927E1CB-C7A6-4B2C-9A91-7E93CEE1D1E3}.Debug|Any CPU.ActiveCfg = Debug|Any CPU
		{5927E1CB-C7A6-4B2C-9A91-7E93CEE1D1E3}.Debug|Any CPU.Build.0 = Debug|Any CPU
		{5927E1CB-C7A6-4B2C-9A91-7E93CEE1D1E3}.Release|Any CPU.ActiveCfg = Release|Any CPU
		{5927E1CB-C7A6-4B2C-9A91-7E93CEE1D1E3}.Release|Any CPU.Build.0 = Release|Any CPU
		{9EEDA325-CC8C-46D2-AA4D-9851E1B6F4B9}.Debug|Any CPU.ActiveCfg = Debug|Any CPU
		{9EEDA325-CC8C-46D2-AA4D-9851E1B6F4B9}.Debug|Any CPU.Build.0 = Debug|Any CPU
		{9EEDA325-CC8C-46D2-AA4D-9851E1B6F4B9}.Release|Any CPU.ActiveCfg = Release|Any CPU
		{9EEDA325-CC8C-46D2-AA4D-9851E1B6F4B9}.Release|Any CPU.Build.0 = Release|Any CPU
		{A32C7529-5836-4A44-BBF2-CC8860C2AEB9}.Debug|Any CPU.ActiveCfg = Debug|Any CPU
		{A32C7529-5836-4A44-BBF2-CC8860C2AEB9}.Debug|Any CPU.Build.0 = Debug|Any CPU
		{A32C7529-5836-4A44-BBF2-CC8860C2AEB9}.Release|Any CPU.ActiveCfg = Release|Any CPU
		{A32C7529-5836-4A44-BBF2-CC8860C2AEB9}.Release|Any CPU.Build.0 = Release|Any CPU
	EndGlobalSection
	GlobalSection(SolutionProperties) = preSolution
		HideSolutionNode = FALSE
	EndGlobalSection
	GlobalSection(ExtensibilityGlobals) = postSolution
		SolutionGuid = {7A75A2B4-FB23-4A38-8169-89A79D3B8C76}
	EndGlobalSection
EndGlobal
